
Microsoft Visual Studio Solution File, Format Version 12.00
# Visual Studio Version 16
VisualStudioVersion = 16.0.28922.388
MinimumVisualStudioVersion = 10.0.40219.1
Project("{2150E333-8FDC-42A3-9474-1A3956D46DE8}") = "docker", "docker", "{344039C9-D0A1-48DB-909A-935F2AFA98F1}"
	ProjectSection(SolutionItems) = preProject
		D:\Kuba Projekty\Docker\docker-compose.yml = D:\Kuba Projekty\Docker\docker-compose.yml
	EndProjectSection
EndProject
Project("{2150E333-8FDC-42A3-9474-1A3956D46DE8}") = "Work", "Work", "{FFC907D3-E038-4E1C-851C-0B81F16CC7F6}"
EndProject
Project("{2150E333-8FDC-42A3-9474-1A3956D46DE8}") = "Notification", "Notification", "{DCF29CA1-1658-4A3A-B127-C140A48AAD1D}"
EndProject
Project("{2150E333-8FDC-42A3-9474-1A3956D46DE8}") = "Gateway", "Gateway", "{68C8E18C-894E-44F6-8A04-39662F7535AD}"
EndProject
Project("{9A19103F-16F7-4668-BE54-9A1E7A4F7556}") = "GatewayApi", "GatewayApi\GatewayApi.csproj", "{E7B46A7E-F38D-4676-98AC-27C7EBDAB18F}"
EndProject
Project("{9A19103F-16F7-4668-BE54-9A1E7A4F7556}") = "NotificationApi", "NotificationApi\NotificationApi.csproj", "{8A7CDA9F-B7A5-4C81-9AFD-15B90D548DF2}"
EndProject
Project("{9A19103F-16F7-4668-BE54-9A1E7A4F7556}") = "WorkApi", "WorkApi\WorkApi.csproj", "{7EE5668D-0771-4191-8113-5F6045A8B2C5}"
EndProject
Project("{2150E333-8FDC-42A3-9474-1A3956D46DE8}") = "User", "User", "{46B06F53-36D7-4EF6-896E-66E2060E8A64}"
EndProject
Project("{9A19103F-16F7-4668-BE54-9A1E7A4F7556}") = "UserApi", "UserApi\UserApi.csproj", "{69AB9D1E-4054-4FE9-9CF3-C964258F31A8}"
EndProject
Project("{9A19103F-16F7-4668-BE54-9A1E7A4F7556}") = "User.Shared", "User.Shared\User.Shared.csproj", "{8DC1A0D6-529F-4CCC-8C0B-F0AE256F3F01}"
EndProject
Project("{9A19103F-16F7-4668-BE54-9A1E7A4F7556}") = "User.Domain", "User.Domain\User.Domain.csproj", "{708BAA92-A91C-4C54-88E0-563B5AE402A4}"
EndProject
Project("{9A19103F-16F7-4668-BE54-9A1E7A4F7556}") = "User.Services", "User.Services\User.Services.csproj", "{2F67F0EF-338E-4A1F-A610-351F85811EBA}"
EndProject
Project("{2150E333-8FDC-42A3-9474-1A3956D46DE8}") = "Core", "Core", "{3CC527DD-0AF7-4F2E-8537-913EEF35A8F0}"
EndProject
Project("{9A19103F-16F7-4668-BE54-9A1E7A4F7556}") = "App.Core", "App.Core\App.Core.csproj", "{3B58BA02-35CC-4E28-A3BC-4F636A67F83D}"
EndProject
Project("{FAE04EC0-301F-11D3-BF4B-00C04F79EFBC}") = "App.SignalR", "App.SignalR\App.SignalR.csproj", "{0CA186C3-7C0D-4130-B004-D0328B987ACC}"
EndProject
Project("{FAE04EC0-301F-11D3-BF4B-00C04F79EFBC}") = "Gateway.Shared", "Gateway.Shared\Gateway.Shared.csproj", "{9FE75D08-F068-46C1-B86F-D3D74FA2584E}"
EndProject
Global
	GlobalSection(SolutionConfigurationPlatforms) = preSolution
		Debug|Any CPU = Debug|Any CPU
		Release|Any CPU = Release|Any CPU
	EndGlobalSection
	GlobalSection(ProjectConfigurationPlatforms) = postSolution
		{E7B46A7E-F38D-4676-98AC-27C7EBDAB18F}.Debug|Any CPU.ActiveCfg = Debug|Any CPU
		{E7B46A7E-F38D-4676-98AC-27C7EBDAB18F}.Debug|Any CPU.Build.0 = Debug|Any CPU
		{E7B46A7E-F38D-4676-98AC-27C7EBDAB18F}.Release|Any CPU.ActiveCfg = Release|Any CPU
		{E7B46A7E-F38D-4676-98AC-27C7EBDAB18F}.Release|Any CPU.Build.0 = Release|Any CPU
		{8A7CDA9F-B7A5-4C81-9AFD-15B90D548DF2}.Debug|Any CPU.ActiveCfg = Debug|Any CPU
		{8A7CDA9F-B7A5-4C81-9AFD-15B90D548DF2}.Debug|Any CPU.Build.0 = Debug|Any CPU
		{8A7CDA9F-B7A5-4C81-9AFD-15B90D548DF2}.Release|Any CPU.ActiveCfg = Release|Any CPU
		{8A7CDA9F-B7A5-4C81-9AFD-15B90D548DF2}.Release|Any CPU.Build.0 = Release|Any CPU
		{7EE5668D-0771-4191-8113-5F6045A8B2C5}.Debug|Any CPU.ActiveCfg = Debug|Any CPU
		{7EE5668D-0771-4191-8113-5F6045A8B2C5}.Debug|Any CPU.Build.0 = Debug|Any CPU
		{7EE5668D-0771-4191-8113-5F6045A8B2C5}.Release|Any CPU.ActiveCfg = Release|Any CPU
		{7EE5668D-0771-4191-8113-5F6045A8B2C5}.Release|Any CPU.Build.0 = Release|Any CPU
		{69AB9D1E-4054-4FE9-9CF3-C964258F31A8}.Debug|Any CPU.ActiveCfg = Debug|Any CPU
		{69AB9D1E-4054-4FE9-9CF3-C964258F31A8}.Debug|Any CPU.Build.0 = Debug|Any CPU
		{69AB9D1E-4054-4FE9-9CF3-C964258F31A8}.Release|Any CPU.ActiveCfg = Release|Any CPU
		{69AB9D1E-4054-4FE9-9CF3-C964258F31A8}.Release|Any CPU.Build.0 = Release|Any CPU
		{8DC1A0D6-529F-4CCC-8C0B-F0AE256F3F01}.Debug|Any CPU.ActiveCfg = Debug|Any CPU
		{8DC1A0D6-529F-4CCC-8C0B-F0AE256F3F01}.Debug|Any CPU.Build.0 = Debug|Any CPU
		{8DC1A0D6-529F-4CCC-8C0B-F0AE256F3F01}.Release|Any CPU.ActiveCfg = Release|Any CPU
		{8DC1A0D6-529F-4CCC-8C0B-F0AE256F3F01}.Release|Any CPU.Build.0 = Release|Any CPU
		{708BAA92-A91C-4C54-88E0-563B5AE402A4}.Debug|Any CPU.ActiveCfg = Debug|Any CPU
		{708BAA92-A91C-4C54-88E0-563B5AE402A4}.Debug|Any CPU.Build.0 = Debug|Any CPU
		{708BAA92-A91C-4C54-88E0-563B5AE402A4}.Release|Any CPU.ActiveCfg = Release|Any CPU
		{708BAA92-A91C-4C54-88E0-563B5AE402A4}.Release|Any CPU.Build.0 = Release|Any CPU
		{2F67F0EF-338E-4A1F-A610-351F85811EBA}.Debug|Any CPU.ActiveCfg = Debug|Any CPU
		{2F67F0EF-338E-4A1F-A610-351F85811EBA}.Debug|Any CPU.Build.0 = Debug|Any CPU
		{2F67F0EF-338E-4A1F-A610-351F85811EBA}.Release|Any CPU.ActiveCfg = Release|Any CPU
		{2F67F0EF-338E-4A1F-A610-351F85811EBA}.Release|Any CPU.Build.0 = Release|Any CPU
		{3B58BA02-35CC-4E28-A3BC-4F636A67F83D}.Debug|Any CPU.ActiveCfg = Debug|Any CPU
		{3B58BA02-35CC-4E28-A3BC-4F636A67F83D}.Debug|Any CPU.Build.0 = Debug|Any CPU
		{3B58BA02-35CC-4E28-A3BC-4F636A67F83D}.Release|Any CPU.ActiveCfg = Release|Any CPU
		{3B58BA02-35CC-4E28-A3BC-4F636A67F83D}.Release|Any CPU.Build.0 = Release|Any CPU
		{0CA186C3-7C0D-4130-B004-D0328B987ACC}.Debug|Any CPU.ActiveCfg = Debug|Any CPU
		{0CA186C3-7C0D-4130-B004-D0328B987ACC}.Debug|Any CPU.Build.0 = Debug|Any CPU
		{0CA186C3-7C0D-4130-B004-D0328B987ACC}.Release|Any CPU.ActiveCfg = Release|Any CPU
		{0CA186C3-7C0D-4130-B004-D0328B987ACC}.Release|Any CPU.Build.0 = Release|Any CPU
		{9FE75D08-F068-46C1-B86F-D3D74FA2584E}.Debug|Any CPU.ActiveCfg = Debug|Any CPU
		{9FE75D08-F068-46C1-B86F-D3D74FA2584E}.Debug|Any CPU.Build.0 = Debug|Any CPU
		{9FE75D08-F068-46C1-B86F-D3D74FA2584E}.Release|Any CPU.ActiveCfg = Release|Any CPU
		{9FE75D08-F068-46C1-B86F-D3D74FA2584E}.Release|Any CPU.Build.0 = Release|Any CPU
	EndGlobalSection
	GlobalSection(SolutionProperties) = preSolution
		HideSolutionNode = FALSE
	EndGlobalSection
	GlobalSection(NestedProjects) = preSolution
		{E7B46A7E-F38D-4676-98AC-27C7EBDAB18F} = {68C8E18C-894E-44F6-8A04-39662F7535AD}
		{8A7CDA9F-B7A5-4C81-9AFD-15B90D548DF2} = {DCF29CA1-1658-4A3A-B127-C140A48AAD1D}
		{7EE5668D-0771-4191-8113-5F6045A8B2C5} = {FFC907D3-E038-4E1C-851C-0B81F16CC7F6}
		{69AB9D1E-4054-4FE9-9CF3-C964258F31A8} = {46B06F53-36D7-4EF6-896E-66E2060E8A64}
		{8DC1A0D6-529F-4CCC-8C0B-F0AE256F3F01} = {46B06F53-36D7-4EF6-896E-66E2060E8A64}
		{708BAA92-A91C-4C54-88E0-563B5AE402A4} = {46B06F53-36D7-4EF6-896E-66E2060E8A64}
		{2F67F0EF-338E-4A1F-A610-351F85811EBA} = {46B06F53-36D7-4EF6-896E-66E2060E8A64}
		{3B58BA02-35CC-4E28-A3BC-4F636A67F83D} = {3CC527DD-0AF7-4F2E-8537-913EEF35A8F0}
		{0CA186C3-7C0D-4130-B004-D0328B987ACC} = {3CC527DD-0AF7-4F2E-8537-913EEF35A8F0}
		{9FE75D08-F068-46C1-B86F-D3D74FA2584E} = {68C8E18C-894E-44F6-8A04-39662F7535AD}
	EndGlobalSection
	GlobalSection(ExtensibilityGlobals) = postSolution
		SolutionGuid = {611540A8-2CE7-4FDE-A35D-23E95C2C300D}
	EndGlobalSection
EndGlobal
